
Microsoft Visual Studio Solution File, Format Version 12.00
# Visual Studio Version 17
VisualStudioVersion = 17.1.32407.343
MinimumVisualStudioVersion = 10.0.40219.1
Project("{2150E333-8FDC-42A3-9474-1A3956D46DE8}") = "src", "src", "{776BE9C7-3701-4942-A29B-52941EBB0D6E}"
EndProject
Project("{2150E333-8FDC-42A3-9474-1A3956D46DE8}") = "00 - Common", "00 - Common", "{5C1F43F4-3812-46E6-8BC0-2747AB1489E8}"
EndProject
Project("{2150E333-8FDC-42A3-9474-1A3956D46DE8}") = "01 - Domain", "01 - Domain", "{E84B24D2-F2F5-433E-B586-B9F3DC2C5F32}"
EndProject
Project("{2150E333-8FDC-42A3-9474-1A3956D46DE8}") = "02 - Infra", "02 - Infra", "{A05B65DD-0C73-403B-A5F6-16729045363C}"
EndProject
Project("{2150E333-8FDC-42A3-9474-1A3956D46DE8}") = "04 - Service", "04 - Service", "{923E016C-F7BF-494E-819E-2B2F01BAB4C8}"
EndProject
Project("{2150E333-8FDC-42A3-9474-1A3956D46DE8}") = "Entity", "Entity", "{1C2ABF16-5121-4F8C-85D3-3D435B04CBC0}"
EndProject
Project("{2150E333-8FDC-42A3-9474-1A3956D46DE8}") = "Data", "Data", "{977E665C-F12C-4E76-A588-6C3B50B5FB9C}"
EndProject
Project("{9A19103F-16F7-4668-BE54-9A1E7A4F7556}") = "DotNetCore.CRUD.Application.Common", "DotNetCore.CRUD.Application.Common\DotNetCore.CRUD.Application.Common.csproj", "{4A26F58B-ED94-48D4-996D-434608AC832B}"
EndProject
Project("{9A19103F-16F7-4668-BE54-9A1E7A4F7556}") = "DotNetCore.CRUD.Application.Data.Entity", "DotNetCore.CRUD.Application.Data.Entity\DotNetCore.CRUD.Application.Data.Entity.csproj", "{C4718BC6-9DD0-4EFC-8437-2D7B54D9877E}"
EndProject
Project("{9A19103F-16F7-4668-BE54-9A1E7A4F7556}") = "DotNetCore.CRUD.Application.Data.Api", "DotNetCore.CRUD.Application.Data.Api\DotNetCore.CRUD.Application.Data.Api.csproj", "{12BC6E16-36B9-423A-828D-30F8B4AFCD3B}"
EndProject
Project("{9A19103F-16F7-4668-BE54-9A1E7A4F7556}") = "DotNetCore.CRUD.Application.Data.Imp", "DotNetCore.CRUD.Application.Data.Imp\DotNetCore.CRUD.Application.Data.Imp.csproj", "{DD5F94B3-6E0D-4863-824A-6462E5429F37}"
EndProject
Project("{9A19103F-16F7-4668-BE54-9A1E7A4F7556}") = "DotNetCore.CRUD.Application.Service", "DotNetCore.CRUD.Application.Service\DotNetCore.CRUD.Application.Service.csproj", "{BEBF8AEB-D905-47DB-9379-7B544EAEF034}"
EndProject
Global
	GlobalSection(SolutionConfigurationPlatforms) = preSolution
		Debug|Any CPU = Debug|Any CPU
		Release|Any CPU = Release|Any CPU
	EndGlobalSection
	GlobalSection(ProjectConfigurationPlatforms) = postSolution
		{4A26F58B-ED94-48D4-996D-434608AC832B}.Debug|Any CPU.ActiveCfg = Debug|Any CPU
		{4A26F58B-ED94-48D4-996D-434608AC832B}.Debug|Any CPU.Build.0 = Debug|Any CPU
		{4A26F58B-ED94-48D4-996D-434608AC832B}.Release|Any CPU.ActiveCfg = Release|Any CPU
		{4A26F58B-ED94-48D4-996D-434608AC832B}.Release|Any CPU.Build.0 = Release|Any CPU
		{C4718BC6-9DD0-4EFC-8437-2D7B54D9877E}.Debug|Any CPU.ActiveCfg = Debug|Any CPU
		{C4718BC6-9DD0-4EFC-8437-2D7B54D9877E}.Debug|Any CPU.Build.0 = Debug|Any CPU
		{C4718BC6-9DD0-4EFC-8437-2D7B54D9877E}.Release|Any CPU.ActiveCfg = Release|Any CPU
		{C4718BC6-9DD0-4EFC-8437-2D7B54D9877E}.Release|Any CPU.Build.0 = Release|Any CPU
		{12BC6E16-36B9-423A-828D-30F8B4AFCD3B}.Debug|Any CPU.ActiveCfg = Debug|Any CPU
		{12BC6E16-36B9-423A-828D-30F8B4AFCD3B}.Debug|Any CPU.Build.0 = Debug|Any CPU
		{12BC6E16-36B9-423A-828D-30F8B4AFCD3B}.Release|Any CPU.ActiveCfg = Release|Any CPU
		{12BC6E16-36B9-423A-828D-30F8B4AFCD3B}.Release|Any CPU.Build.0 = Release|Any CPU
		{DD5F94B3-6E0D-4863-824A-6462E5429F37}.Debug|Any CPU.ActiveCfg = Debug|Any CPU
		{DD5F94B3-6E0D-4863-824A-6462E5429F37}.Debug|Any CPU.Build.0 = Debug|Any CPU
		{DD5F94B3-6E0D-4863-824A-6462E5429F37}.Release|Any CPU.ActiveCfg = Release|Any CPU
		{DD5F94B3-6E0D-4863-824A-6462E5429F37}.Release|Any CPU.Build.0 = Release|Any CPU
		{BEBF8AEB-D905-47DB-9379-7B544EAEF034}.Debug|Any CPU.ActiveCfg = Debug|Any CPU
		{BEBF8AEB-D905-47DB-9379-7B544EAEF034}.Debug|Any CPU.Build.0 = Debug|Any CPU
		{BEBF8AEB-D905-47DB-9379-7B544EAEF034}.Release|Any CPU.ActiveCfg = Release|Any CPU
		{BEBF8AEB-D905-47DB-9379-7B544EAEF034}.Release|Any CPU.Build.0 = Release|Any CPU
	EndGlobalSection
	GlobalSection(SolutionProperties) = preSolution
		HideSolutionNode = FALSE
	EndGlobalSection
	GlobalSection(NestedProjects) = preSolution
		{5C1F43F4-3812-46E6-8BC0-2747AB1489E8} = {776BE9C7-3701-4942-A29B-52941EBB0D6E}
		{E84B24D2-F2F5-433E-B586-B9F3DC2C5F32} = {776BE9C7-3701-4942-A29B-52941EBB0D6E}
		{A05B65DD-0C73-403B-A5F6-16729045363C} = {776BE9C7-3701-4942-A29B-52941EBB0D6E}
		{923E016C-F7BF-494E-819E-2B2F01BAB4C8} = {776BE9C7-3701-4942-A29B-52941EBB0D6E}
		{1C2ABF16-5121-4F8C-85D3-3D435B04CBC0} = {E84B24D2-F2F5-433E-B586-B9F3DC2C5F32}
		{977E665C-F12C-4E76-A588-6C3B50B5FB9C} = {A05B65DD-0C73-403B-A5F6-16729045363C}
		{4A26F58B-ED94-48D4-996D-434608AC832B} = {5C1F43F4-3812-46E6-8BC0-2747AB1489E8}
		{C4718BC6-9DD0-4EFC-8437-2D7B54D9877E} = {1C2ABF16-5121-4F8C-85D3-3D435B04CBC0}
		{12BC6E16-36B9-423A-828D-30F8B4AFCD3B} = {977E665C-F12C-4E76-A588-6C3B50B5FB9C}
		{DD5F94B3-6E0D-4863-824A-6462E5429F37} = {977E665C-F12C-4E76-A588-6C3B50B5FB9C}
		{BEBF8AEB-D905-47DB-9379-7B544EAEF034} = {923E016C-F7BF-494E-819E-2B2F01BAB4C8}
	EndGlobalSection
	GlobalSection(ExtensibilityGlobals) = postSolution
		SolutionGuid = {26B2D5EB-808E-47D9-8299-19A0A8412560}
	EndGlobalSection
EndGlobal
